// !$*UTF8*$!
{
	archiveVersion = 1;
	classes = {
	};
	objectVersion = 56;
	objects = {

/* Begin PBXBuildFile section */
		0A024D7A2B3503C7005D457B /* spotsApp.swift in Sources */ = {isa = PBXBuildFile; fileRef = 0A024D792B3503C7005D457B /* spotsApp.swift */; };
		0A024D7C2B3503C7005D457B /* ContentView.swift in Sources */ = {isa = PBXBuildFile; fileRef = 0A024D7B2B3503C7005D457B /* ContentView.swift */; };
		0A024D7E2B3503C8005D457B /* Assets.xcassets in Resources */ = {isa = PBXBuildFile; fileRef = 0A024D7D2B3503C8005D457B /* Assets.xcassets */; };
		0A024D812B3503C8005D457B /* Preview Assets.xcassets in Resources */ = {isa = PBXBuildFile; fileRef = 0A024D802B3503C8005D457B /* Preview Assets.xcassets */; };
		0A024D8B2B3503C8005D457B /* spotsTests.swift in Sources */ = {isa = PBXBuildFile; fileRef = 0A024D8A2B3503C8005D457B /* spotsTests.swift */; };
		0A024D952B3503C8005D457B /* spotsUITests.swift in Sources */ = {isa = PBXBuildFile; fileRef = 0A024D942B3503C8005D457B /* spotsUITests.swift */; };
		0A024D972B3503C8005D457B /* spotsUITestsLaunchTests.swift in Sources */ = {isa = PBXBuildFile; fileRef = 0A024D962B3503C8005D457B /* spotsUITestsLaunchTests.swift */; };
		0A024DA42B350473005D457B /* MapView.swift in Sources */ = {isa = PBXBuildFile; fileRef = 0A024DA32B350473005D457B /* MapView.swift */; };
		0A024DA62B3504AC005D457B /* SpotsView.swift in Sources */ = {isa = PBXBuildFile; fileRef = 0A024DA52B3504AC005D457B /* SpotsView.swift */; };
		0A024DA82B350663005D457B /* AccountView.swift in Sources */ = {isa = PBXBuildFile; fileRef = 0A024DA72B350663005D457B /* AccountView.swift */; };
		0A024DAA2B3511E1005D457B /* SpotDetailsView.swift in Sources */ = {isa = PBXBuildFile; fileRef = 0A024DA92B3511E1005D457B /* SpotDetailsView.swift */; };
/* End PBXBuildFile section */

/* Begin PBXContainerItemProxy section */
		0A024D872B3503C8005D457B /* PBXContainerItemProxy */ = {
			isa = PBXContainerItemProxy;
			containerPortal = 0A024D6E2B3503C7005D457B /* Project object */;
			proxyType = 1;
			remoteGlobalIDString = 0A024D752B3503C7005D457B;
			remoteInfo = spots;
		};
		0A024D912B3503C8005D457B /* PBXContainerItemProxy */ = {
			isa = PBXContainerItemProxy;
			containerPortal = 0A024D6E2B3503C7005D457B /* Project object */;
			proxyType = 1;
			remoteGlobalIDString = 0A024D752B3503C7005D457B;
			remoteInfo = spots;
		};
/* End PBXContainerItemProxy section */

/* Begin PBXFileReference section */
		0A024D762B3503C7005D457B /* spots.app */ = {isa = PBXFileReference; explicitFileType = wrapper.application; includeInIndex = 0; path = spots.app; sourceTree = BUILT_PRODUCTS_DIR; };
		0A024D792B3503C7005D457B /* spotsApp.swift */ = {isa = PBXFileReference; lastKnownFileType = sourcecode.swift; path = spotsApp.swift; sourceTree = "<group>"; };
		0A024D7B2B3503C7005D457B /* ContentView.swift */ = {isa = PBXFileReference; lastKnownFileType = sourcecode.swift; path = ContentView.swift; sourceTree = "<group>"; };
		0A024D7D2B3503C8005D457B /* Assets.xcassets */ = {isa = PBXFileReference; lastKnownFileType = folder.assetcatalog; path = Assets.xcassets; sourceTree = "<group>"; };
		0A024D802B3503C8005D457B /* Preview Assets.xcassets */ = {isa = PBXFileReference; lastKnownFileType = folder.assetcatalog; path = "Preview Assets.xcassets"; sourceTree = "<group>"; };
		0A024D862B3503C8005D457B /* spotsTests.xctest */ = {isa = PBXFileReference; explicitFileType = wrapper.cfbundle; includeInIndex = 0; path = spotsTests.xctest; sourceTree = BUILT_PRODUCTS_DIR; };
		0A024D8A2B3503C8005D457B /* spotsTests.swift */ = {isa = PBXFileReference; lastKnownFileType = sourcecode.swift; path = spotsTests.swift; sourceTree = "<group>"; };
		0A024D902B3503C8005D457B /* spotsUITests.xctest */ = {isa = PBXFileReference; explicitFileType = wrapper.cfbundle; includeInIndex = 0; path = spotsUITests.xctest; sourceTree = BUILT_PRODUCTS_DIR; };
		0A024D942B3503C8005D457B /* spotsUITests.swift */ = {isa = PBXFileReference; lastKnownFileType = sourcecode.swift; path = spotsUITests.swift; sourceTree = "<group>"; };
		0A024D962B3503C8005D457B /* spotsUITestsLaunchTests.swift */ = {isa = PBXFileReference; lastKnownFileType = sourcecode.swift; path = spotsUITestsLaunchTests.swift; sourceTree = "<group>"; };
		0A024DA32B350473005D457B /* MapView.swift */ = {isa = PBXFileReference; lastKnownFileType = sourcecode.swift; path = MapView.swift; sourceTree = "<group>"; };
		0A024DA52B3504AC005D457B /* SpotsView.swift */ = {isa = PBXFileReference; lastKnownFileType = sourcecode.swift; path = SpotsView.swift; sourceTree = "<group>"; };
		0A024DA72B350663005D457B /* AccountView.swift */ = {isa = PBXFileReference; lastKnownFileType = sourcecode.swift; path = AccountView.swift; sourceTree = "<group>"; };
		0A024DA92B3511E1005D457B /* SpotDetailsView.swift */ = {isa = PBXFileReference; lastKnownFileType = sourcecode.swift; path = SpotDetailsView.swift; sourceTree = "<group>"; };
/* End PBXFileReference section */

/* Begin PBXFrameworksBuildPhase section */
		0A024D732B3503C7005D457B /* Frameworks */ = {
			isa = PBXFrameworksBuildPhase;
			buildActionMask = 2147483647;
			files = (
			);
			runOnlyForDeploymentPostprocessing = 0;
		};
		0A024D832B3503C8005D457B /* Frameworks */ = {
			isa = PBXFrameworksBuildPhase;
			buildActionMask = 2147483647;
			files = (
			);
			runOnlyForDeploymentPostprocessing = 0;
		};
		0A024D8D2B3503C8005D457B /* Frameworks */ = {
			isa = PBXFrameworksBuildPhase;
			buildActionMask = 2147483647;
			files = (
			);
			runOnlyForDeploymentPostprocessing = 0;
		};
/* End PBXFrameworksBuildPhase section */

/* Begin PBXGroup section */
		0A024D6D2B3503C7005D457B = {
			isa = PBXGroup;
			children = (
				0A024D782B3503C7005D457B /* spots */,
				0A024D892B3503C8005D457B /* spotsTests */,
				0A024D932B3503C8005D457B /* spotsUITests */,
				0A024D772B3503C7005D457B /* Products */,
			);
			sourceTree = "<group>";
		};
		0A024D772B3503C7005D457B /* Products */ = {
			isa = PBXGroup;
			children = (
				0A024D762B3503C7005D457B /* spots.app */,
				0A024D862B3503C8005D457B /* spotsTests.xctest */,
				0A024D902B3503C8005D457B /* spotsUITests.xctest */,
			);
			name = Products;
			sourceTree = "<group>";
		};
		0A024D782B3503C7005D457B /* spots */ = {
			isa = PBXGroup;
			children = (
				0A024D792B3503C7005D457B /* spotsApp.swift */,
				0A024D7B2B3503C7005D457B /* ContentView.swift */,
				0A024DA32B350473005D457B /* MapView.swift */,
				0A024DA52B3504AC005D457B /* SpotsView.swift */,
				0A024DA92B3511E1005D457B /* SpotDetailsView.swift */,
				0A024DA72B350663005D457B /* AccountView.swift */,
				0A024D7D2B3503C8005D457B /* Assets.xcassets */,
				0A024D7F2B3503C8005D457B /* Preview Content */,
			);
			path = spots;
			sourceTree = "<group>";
		};
		0A024D7F2B3503C8005D457B /* Preview Content */ = {
			isa = PBXGroup;
			children = (
				0A024D802B3503C8005D457B /* Preview Assets.xcassets */,
			);
			path = "Preview Content";
			sourceTree = "<group>";
		};
		0A024D892B3503C8005D457B /* spotsTests */ = {
			isa = PBXGroup;
			children = (
				0A024D8A2B3503C8005D457B /* spotsTests.swift */,
			);
			path = spotsTests;
			sourceTree = "<group>";
		};
		0A024D932B3503C8005D457B /* spotsUITests */ = {
			isa = PBXGroup;
			children = (
				0A024D942B3503C8005D457B /* spotsUITests.swift */,
				0A024D962B3503C8005D457B /* spotsUITestsLaunchTests.swift */,
			);
			path = spotsUITests;
			sourceTree = "<group>";
		};
/* End PBXGroup section */

/* Begin PBXNativeTarget section */
		0A024D752B3503C7005D457B /* spots */ = {
			isa = PBXNativeTarget;
			buildConfigurationList = 0A024D9A2B3503C8005D457B /* Build configuration list for PBXNativeTarget "spots" */;
			buildPhases = (
				0A024D722B3503C7005D457B /* Sources */,
				0A024D732B3503C7005D457B /* Frameworks */,
				0A024D742B3503C7005D457B /* Resources */,
			);
			buildRules = (
			);
			dependencies = (
			);
			name = spots;
			productName = spots;
			productReference = 0A024D762B3503C7005D457B /* spots.app */;
			productType = "com.apple.product-type.application";
		};
		0A024D852B3503C8005D457B /* spotsTests */ = {
			isa = PBXNativeTarget;
			buildConfigurationList = 0A024D9D2B3503C8005D457B /* Build configuration list for PBXNativeTarget "spotsTests" */;
			buildPhases = (
				0A024D822B3503C8005D457B /* Sources */,
				0A024D832B3503C8005D457B /* Frameworks */,
				0A024D842B3503C8005D457B /* Resources */,
			);
			buildRules = (
			);
			dependencies = (
				0A024D882B3503C8005D457B /* PBXTargetDependency */,
			);
			name = spotsTests;
			productName = spotsTests;
			productReference = 0A024D862B3503C8005D457B /* spotsTests.xctest */;
			productType = "com.apple.product-type.bundle.unit-test";
		};
		0A024D8F2B3503C8005D457B /* spotsUITests */ = {
			isa = PBXNativeTarget;
			buildConfigurationList = 0A024DA02B3503C8005D457B /* Build configuration list for PBXNativeTarget "spotsUITests" */;
			buildPhases = (
				0A024D8C2B3503C8005D457B /* Sources */,
				0A024D8D2B3503C8005D457B /* Frameworks */,
				0A024D8E2B3503C8005D457B /* Resources */,
			);
			buildRules = (
			);
			dependencies = (
				0A024D922B3503C8005D457B /* PBXTargetDependency */,
			);
			name = spotsUITests;
			productName = spotsUITests;
			productReference = 0A024D902B3503C8005D457B /* spotsUITests.xctest */;
			productType = "com.apple.product-type.bundle.ui-testing";
		};
/* End PBXNativeTarget section */

/* Begin PBXProject section */
		0A024D6E2B3503C7005D457B /* Project object */ = {
			isa = PBXProject;
			attributes = {
				BuildIndependentTargetsInParallel = 1;
				LastSwiftUpdateCheck = 1500;
				LastUpgradeCheck = 1500;
				TargetAttributes = {
					0A024D752B3503C7005D457B = {
						CreatedOnToolsVersion = 15.0.1;
					};
					0A024D852B3503C8005D457B = {
						CreatedOnToolsVersion = 15.0.1;
						TestTargetID = 0A024D752B3503C7005D457B;
					};
					0A024D8F2B3503C8005D457B = {
						CreatedOnToolsVersion = 15.0.1;
						TestTargetID = 0A024D752B3503C7005D457B;
					};
				};
			};
			buildConfigurationList = 0A024D712B3503C7005D457B /* Build configuration list for PBXProject "spots" */;
			compatibilityVersion = "Xcode 14.0";
			developmentRegion = en;
			hasScannedForEncodings = 0;
			knownRegions = (
				en,
				Base,
			);
			mainGroup = 0A024D6D2B3503C7005D457B;
			productRefGroup = 0A024D772B3503C7005D457B /* Products */;
			projectDirPath = "";
			projectRoot = "";
			targets = (
				0A024D752B3503C7005D457B /* spots */,
				0A024D852B3503C8005D457B /* spotsTests */,
				0A024D8F2B3503C8005D457B /* spotsUITests */,
			);
		};
/* End PBXProject section */

/* Begin PBXResourcesBuildPhase section */
		0A024D742B3503C7005D457B /* Resources */ = {
			isa = PBXResourcesBuildPhase;
			buildActionMask = 2147483647;
			files = (
				0A024D812B3503C8005D457B /* Preview Assets.xcassets in Resources */,
				0A024D7E2B3503C8005D457B /* Assets.xcassets in Resources */,
			);
			runOnlyForDeploymentPostprocessing = 0;
		};
		0A024D842B3503C8005D457B /* Resources */ = {
			isa = PBXResourcesBuildPhase;
			buildActionMask = 2147483647;
			files = (
			);
			runOnlyForDeploymentPostprocessing = 0;
		};
		0A024D8E2B3503C8005D457B /* Resources */ = {
			isa = PBXResourcesBuildPhase;
			buildActionMask = 2147483647;
			files = (
			);
			runOnlyForDeploymentPostprocessing = 0;
		};
/* End PBXResourcesBuildPhase section */

/* Begin PBXSourcesBuildPhase section */
		0A024D722B3503C7005D457B /* Sources */ = {
			isa = PBXSourcesBuildPhase;
			buildActionMask = 2147483647;
			files = (
				0A024D7C2B3503C7005D457B /* ContentView.swift in Sources */,
				0A024DA42B350473005D457B /* MapView.swift in Sources */,
				0A024DA62B3504AC005D457B /* SpotsView.swift in Sources */,
				0A024DAA2B3511E1005D457B /* SpotDetailsView.swift in Sources */,
				0A024D7A2B3503C7005D457B /* spotsApp.swift in Sources */,
				0A024DA82B350663005D457B /* AccountView.swift in Sources */,
			);
			runOnlyForDeploymentPostprocessing = 0;
		};
		0A024D822B3503C8005D457B /* Sources */ = {
			isa = PBXSourcesBuildPhase;
			buildActionMask = 2147483647;
			files = (
				0A024D8B2B3503C8005D457B /* spotsTests.swift in Sources */,
			);
			runOnlyForDeploymentPostprocessing = 0;
		};
		0A024D8C2B3503C8005D457B /* Sources */ = {
			isa = PBXSourcesBuildPhase;
			buildActionMask = 2147483647;
			files = (
				0A024D972B3503C8005D457B /* spotsUITestsLaunchTests.swift in Sources */,
				0A024D952B3503C8005D457B /* spotsUITests.swift in Sources */,
			);
			runOnlyForDeploymentPostprocessing = 0;
		};
/* End PBXSourcesBuildPhase section */

/* Begin PBXTargetDependency section */
		0A024D882B3503C8005D457B /* PBXTargetDependency */ = {
			isa = PBXTargetDependency;
			target = 0A024D752B3503C7005D457B /* spots */;
			targetProxy = 0A024D872B3503C8005D457B /* PBXContainerItemProxy */;
		};
		0A024D922B3503C8005D457B /* PBXTargetDependency */ = {
			isa = PBXTargetDependency;
			target = 0A024D752B3503C7005D457B /* spots */;
			targetProxy = 0A024D912B3503C8005D457B /* PBXContainerItemProxy */;
		};
/* End PBXTargetDependency section */

/* Begin XCBuildConfiguration section */
		0A024D982B3503C8005D457B /* Debug */ = {
			isa = XCBuildConfiguration;
			buildSettings = {
				ALWAYS_SEARCH_USER_PATHS = NO;
				ASSETCATALOG_COMPILER_GENERATE_SWIFT_ASSET_SYMBOL_EXTENSIONS = YES;
				CLANG_ANALYZER_NONNULL = YES;
				CLANG_ANALYZER_NUMBER_OBJECT_CONVERSION = YES_AGGRESSIVE;
				CLANG_CXX_LANGUAGE_STANDARD = "gnu++20";
				CLANG_ENABLE_MODULES = YES;
				CLANG_ENABLE_OBJC_ARC = YES;
				CLANG_ENABLE_OBJC_WEAK = YES;
				CLANG_WARN_BLOCK_CAPTURE_AUTORELEASING = YES;
				CLANG_WARN_BOOL_CONVERSION = YES;
				CLANG_WARN_COMMA = YES;
				CLANG_WARN_CONSTANT_CONVERSION = YES;
				CLANG_WARN_DEPRECATED_OBJC_IMPLEMENTATIONS = YES;
				CLANG_WARN_DIRECT_OBJC_ISA_USAGE = YES_ERROR;
				CLANG_WARN_DOCUMENTATION_COMMENTS = YES;
				CLANG_WARN_EMPTY_BODY = YES;
				CLANG_WARN_ENUM_CONVERSION = YES;
				CLANG_WARN_INFINITE_RECURSION = YES;
				CLANG_WARN_INT_CONVERSION = YES;
				CLANG_WARN_NON_LITERAL_NULL_CONVERSION = YES;
				CLANG_WARN_OBJC_IMPLICIT_RETAIN_SELF = YES;
				CLANG_WARN_OBJC_LITERAL_CONVERSION = YES;
				CLANG_WARN_OBJC_ROOT_CLASS = YES_ERROR;
				CLANG_WARN_QUOTED_INCLUDE_IN_FRAMEWORK_HEADER = YES;
				CLANG_WARN_RANGE_LOOP_ANALYSIS = YES;
				CLANG_WARN_STRICT_PROTOTYPES = YES;
				CLANG_WARN_SUSPICIOUS_MOVE = YES;
				CLANG_WARN_UNGUARDED_AVAILABILITY = YES_AGGRESSIVE;
				CLANG_WARN_UNREACHABLE_CODE = YES;
				CLANG_WARN__DUPLICATE_METHOD_MATCH = YES;
				COPY_PHASE_STRIP = NO;
				DEBUG_INFORMATION_FORMAT = dwarf;
				ENABLE_STRICT_OBJC_MSGSEND = YES;
				ENABLE_TESTABILITY = YES;
				ENABLE_USER_SCRIPT_SANDBOXING = YES;
				GCC_C_LANGUAGE_STANDARD = gnu17;
				GCC_DYNAMIC_NO_PIC = NO;
				GCC_NO_COMMON_BLOCKS = YES;
				GCC_OPTIMIZATION_LEVEL = 0;
				GCC_PREPROCESSOR_DEFINITIONS = (
					"DEBUG=1",
					"$(inherited)",
				);
				GCC_WARN_64_TO_32_BIT_CONVERSION = YES;
				GCC_WARN_ABOUT_RETURN_TYPE = YES_ERROR;
				GCC_WARN_UNDECLARED_SELECTOR = YES;
				GCC_WARN_UNINITIALIZED_AUTOS = YES_AGGRESSIVE;
				GCC_WARN_UNUSED_FUNCTION = YES;
				GCC_WARN_UNUSED_VARIABLE = YES;
				IPHONEOS_DEPLOYMENT_TARGET = 14.0;
				LOCALIZATION_PREFERS_STRING_CATALOGS = YES;
				MTL_ENABLE_DEBUG_INFO = INCLUDE_SOURCE;
				MTL_FAST_MATH = YES;
				ONLY_ACTIVE_ARCH = YES;
				SDKROOT = iphoneos;
				SWIFT_ACTIVE_COMPILATION_CONDITIONS = "DEBUG $(inherited)";
				SWIFT_OPTIMIZATION_LEVEL = "-Onone";
			};
			name = Debug;
		};
		0A024D992B3503C8005D457B /* Release */ = {
			isa = XCBuildConfiguration;
			buildSettings = {
				ALWAYS_SEARCH_USER_PATHS = NO;
				ASSETCATALOG_COMPILER_GENERATE_SWIFT_ASSET_SYMBOL_EXTENSIONS = YES;
				CLANG_ANALYZER_NONNULL = YES;
				CLANG_ANALYZER_NUMBER_OBJECT_CONVERSION = YES_AGGRESSIVE;
				CLANG_CXX_LANGUAGE_STANDARD = "gnu++20";
				CLANG_ENABLE_MODULES = YES;
				CLANG_ENABLE_OBJC_ARC = YES;
				CLANG_ENABLE_OBJC_WEAK = YES;
				CLANG_WARN_BLOCK_CAPTURE_AUTORELEASING = YES;
				CLANG_WARN_BOOL_CONVERSION = YES;
				CLANG_WARN_COMMA = YES;
				CLANG_WARN_CONSTANT_CONVERSION = YES;
				CLANG_WARN_DEPRECATED_OBJC_IMPLEMENTATIONS = YES;
				CLANG_WARN_DIRECT_OBJC_ISA_USAGE = YES_ERROR;
				CLANG_WARN_DOCUMENTATION_COMMENTS = YES;
				CLANG_WARN_EMPTY_BODY = YES;
				CLANG_WARN_ENUM_CONVERSION = YES;
				CLANG_WARN_INFINITE_RECURSION = YES;
				CLANG_WARN_INT_CONVERSION = YES;
				CLANG_WARN_NON_LITERAL_NULL_CONVERSION = YES;
				CLANG_WARN_OBJC_IMPLICIT_RETAIN_SELF = YES;
				CLANG_WARN_OBJC_LITERAL_CONVERSION = YES;
				CLANG_WARN_OBJC_ROOT_CLASS = YES_ERROR;
				CLANG_WARN_QUOTED_INCLUDE_IN_FRAMEWORK_HEADER = YES;
				CLANG_WARN_RANGE_LOOP_ANALYSIS = YES;
				CLANG_WARN_STRICT_PROTOTYPES = YES;
				CLANG_WARN_SUSPICIOUS_MOVE = YES;
				CLANG_WARN_UNGUARDED_AVAILABILITY = YES_AGGRESSIVE;
				CLANG_WARN_UNREACHABLE_CODE = YES;
				CLANG_WARN__DUPLICATE_METHOD_MATCH = YES;
				COPY_PHASE_STRIP = NO;
				DEBUG_INFORMATION_FORMAT = "dwarf-with-dsym";
				ENABLE_NS_ASSERTIONS = NO;
				ENABLE_STRICT_OBJC_MSGSEND = YES;
				ENABLE_USER_SCRIPT_SANDBOXING = YES;
				GCC_C_LANGUAGE_STANDARD = gnu17;
				GCC_NO_COMMON_BLOCKS = YES;
				GCC_WARN_64_TO_32_BIT_CONVERSION = YES;
				GCC_WARN_ABOUT_RETURN_TYPE = YES_ERROR;
				GCC_WARN_UNDECLARED_SELECTOR = YES;
				GCC_WARN_UNINITIALIZED_AUTOS = YES_AGGRESSIVE;
				GCC_WARN_UNUSED_FUNCTION = YES;
				GCC_WARN_UNUSED_VARIABLE = YES;
				IPHONEOS_DEPLOYMENT_TARGET = 14.0;
				LOCALIZATION_PREFERS_STRING_CATALOGS = YES;
				MTL_ENABLE_DEBUG_INFO = NO;
				MTL_FAST_MATH = YES;
				SDKROOT = iphoneos;
				SWIFT_COMPILATION_MODE = wholemodule;
				VALIDATE_PRODUCT = YES;
			};
			name = Release;
		};
		0A024D9B2B3503C8005D457B /* Debug */ = {
			isa = XCBuildConfiguration;
			buildSettings = {
				ASSETCATALOG_COMPILER_APPICON_NAME = AppIcon;
				ASSETCATALOG_COMPILER_GLOBAL_ACCENT_COLOR_NAME = AccentColor;
				CODE_SIGN_STYLE = Automatic;
				CURRENT_PROJECT_VERSION = 1;
				DEVELOPMENT_ASSET_PATHS = "\"spots/Preview Content\"";
				DEVELOPMENT_TEAM = SKSWBTMD5H;
				ENABLE_PREVIEWS = YES;
				GENERATE_INFOPLIST_FILE = YES;
				INFOPLIST_KEY_UIApplicationSceneManifest_Generation = YES;
				INFOPLIST_KEY_UIApplicationSupportsIndirectInputEvents = YES;
				INFOPLIST_KEY_UILaunchScreen_Generation = YES;
				INFOPLIST_KEY_UISupportedInterfaceOrientations_iPad = "UIInterfaceOrientationPortrait UIInterfaceOrientationPortraitUpsideDown UIInterfaceOrientationLandscapeLeft UIInterfaceOrientationLandscapeRight";
				INFOPLIST_KEY_UISupportedInterfaceOrientations_iPhone = "UIInterfaceOrientationPortrait UIInterfaceOrientationLandscapeLeft UIInterfaceOrientationLandscapeRight";
				LD_RUNPATH_SEARCH_PATHS = (
					"$(inherited)",
					"@executable_path/Frameworks",
				);
				MARKETING_VERSION = 1.0;
				PRODUCT_BUNDLE_IDENTIFIER = axelallain.spots;
				PRODUCT_NAME = "$(TARGET_NAME)";
				SWIFT_EMIT_LOC_STRINGS = YES;
				SWIFT_VERSION = 5.0;
				TARGETED_DEVICE_FAMILY = "1,2";
			};
			name = Debug;
		};
		0A024D9C2B3503C8005D457B /* Release */ = {
			isa = XCBuildConfiguration;
			buildSettings = {
				ASSETCATALOG_COMPILER_APPICON_NAME = AppIcon;
				ASSETCATALOG_COMPILER_GLOBAL_ACCENT_COLOR_NAME = AccentColor;
				CODE_SIGN_STYLE = Automatic;
				CURRENT_PROJECT_VERSION = 1;
				DEVELOPMENT_ASSET_PATHS = "\"spots/Preview Content\"";
				DEVELOPMENT_TEAM = SKSWBTMD5H;
				ENABLE_PREVIEWS = YES;
				GENERATE_INFOPLIST_FILE = YES;
				INFOPLIST_KEY_UIApplicationSceneManifest_Generation = YES;
				INFOPLIST_KEY_UIApplicationSupportsIndirectInputEvents = YES;
				INFOPLIST_KEY_UILaunchScreen_Generation = YES;
				INFOPLIST_KEY_UISupportedInterfaceOrientations_iPad = "UIInterfaceOrientationPortrait UIInterfaceOrientationPortraitUpsideDown UIInterfaceOrientationLandscapeLeft UIInterfaceOrientationLandscapeRight";
				INFOPLIST_KEY_UISupportedInterfaceOrientations_iPhone = "UIInterfaceOrientationPortrait UIInterfaceOrientationLandscapeLeft UIInterfaceOrientationLandscapeRight";
				LD_RUNPATH_SEARCH_PATHS = (
					"$(inherited)",
					"@executable_path/Frameworks",
				);
				MARKETING_VERSION = 1.0;
				PRODUCT_BUNDLE_IDENTIFIER = axelallain.spots;
				PRODUCT_NAME = "$(TARGET_NAME)";
				SWIFT_EMIT_LOC_STRINGS = YES;
				SWIFT_VERSION = 5.0;
				TARGETED_DEVICE_FAMILY = "1,2";
			};
			name = Release;
		};
		0A024D9E2B3503C8005D457B /* Debug */ = {
			isa = XCBuildConfiguration;
			buildSettings = {
				ALWAYS_EMBED_SWIFT_STANDARD_LIBRARIES = YES;
				BUNDLE_LOADER = "$(TEST_HOST)";
				CODE_SIGN_STYLE = Automatic;
				CURRENT_PROJECT_VERSION = 1;
				DEVELOPMENT_TEAM = SKSWBTMD5H;
				GENERATE_INFOPLIST_FILE = YES;
				IPHONEOS_DEPLOYMENT_TARGET = 17.0;
				MARKETING_VERSION = 1.0;
				PRODUCT_BUNDLE_IDENTIFIER = axelallain.spotsTests;
				PRODUCT_NAME = "$(TARGET_NAME)";
				SWIFT_EMIT_LOC_STRINGS = NO;
				SWIFT_VERSION = 5.0;
				TARGETED_DEVICE_FAMILY = "1,2";
				TEST_HOST = "$(BUILT_PRODUCTS_DIR)/spots.app/$(BUNDLE_EXECUTABLE_FOLDER_PATH)/spots";
			};
			name = Debug;
		};
		0A024D9F2B3503C8005D457B /* Release */ = {
			isa = XCBuildConfiguration;
			buildSettings = {
				ALWAYS_EMBED_SWIFT_STANDARD_LIBRARIES = YES;
				BUNDLE_LOADER = "$(TEST_HOST)";
				CODE_SIGN_STYLE = Automatic;
				CURRENT_PROJECT_VERSION = 1;
				DEVELOPMENT_TEAM = SKSWBTMD5H;
				GENERATE_INFOPLIST_FILE = YES;
				IPHONEOS_DEPLOYMENT_TARGET = 17.0;
				MARKETING_VERSION = 1.0;
				PRODUCT_BUNDLE_IDENTIFIER = axelallain.spotsTests;
				PRODUCT_NAME = "$(TARGET_NAME)";
				SWIFT_EMIT_LOC_STRINGS = NO;
				SWIFT_VERSION = 5.0;
				TARGETED_DEVICE_FAMILY = "1,2";
				TEST_HOST = "$(BUILT_PRODUCTS_DIR)/spots.app/$(BUNDLE_EXECUTABLE_FOLDER_PATH)/spots";
			};
			name = Release;
		};
		0A024DA12B3503C8005D457B /* Debug */ = {
			isa = XCBuildConfiguration;
			buildSettings = {
				ALWAYS_EMBED_SWIFT_STANDARD_LIBRARIES = YES;
				CODE_SIGN_STYLE = Automatic;
				CURRENT_PROJECT_VERSION = 1;
				DEVELOPMENT_TEAM = SKSWBTMD5H;
				GENERATE_INFOPLIST_FILE = YES;
				MARKETING_VERSION = 1.0;
				PRODUCT_BUNDLE_IDENTIFIER = axelallain.spotsUITests;
				PRODUCT_NAME = "$(TARGET_NAME)";
				SWIFT_EMIT_LOC_STRINGS = NO;
				SWIFT_VERSION = 5.0;
				TARGETED_DEVICE_FAMILY = "1,2";
				TEST_TARGET_NAME = spots;
			};
			name = Debug;
		};
		0A024DA22B3503C8005D457B /* Release */ = {
			isa = XCBuildConfiguration;
			buildSettings = {
				ALWAYS_EMBED_SWIFT_STANDARD_LIBRARIES = YES;
				CODE_SIGN_STYLE = Automatic;
				CURRENT_PROJECT_VERSION = 1;
				DEVELOPMENT_TEAM = SKSWBTMD5H;
				GENERATE_INFOPLIST_FILE = YES;
				MARKETING_VERSION = 1.0;
				PRODUCT_BUNDLE_IDENTIFIER = axelallain.spotsUITests;
				PRODUCT_NAME = "$(TARGET_NAME)";
				SWIFT_EMIT_LOC_STRINGS = NO;
				SWIFT_VERSION = 5.0;
				TARGETED_DEVICE_FAMILY = "1,2";
				TEST_TARGET_NAME = spots;
			};
			name = Release;
		};
/* End XCBuildConfiguration section */

/* Begin XCConfigurationList section */
		0A024D712B3503C7005D457B /* Build configuration list for PBXProject "spots" */ = {
			isa = XCConfigurationList;
			buildConfigurations = (
				0A024D982B3503C8005D457B /* Debug */,
				0A024D992B3503C8005D457B /* Release */,
			);
			defaultConfigurationIsVisible = 0;
			defaultConfigurationName = Release;
		};
		0A024D9A2B3503C8005D457B /* Build configuration list for PBXNativeTarget "spots" */ = {
			isa = XCConfigurationList;
			buildConfigurations = (
				0A024D9B2B3503C8005D457B /* Debug */,
				0A024D9C2B3503C8005D457B /* Release */,
			);
			defaultConfigurationIsVisible = 0;
			defaultConfigurationName = Release;
		};
		0A024D9D2B3503C8005D457B /* Build configuration list for PBXNativeTarget "spotsTests" */ = {
			isa = XCConfigurationList;
			buildConfigurations = (
				0A024D9E2B3503C8005D457B /* Debug */,
				0A024D9F2B3503C8005D457B /* Release */,
			);
			defaultConfigurationIsVisible = 0;
			defaultConfigurationName = Release;
		};
		0A024DA02B3503C8005D457B /* Build configuration list for PBXNativeTarget "spotsUITests" */ = {
			isa = XCConfigurationList;
			buildConfigurations = (
				0A024DA12B3503C8005D457B /* Debug */,
				0A024DA22B3503C8005D457B /* Release */,
			);
			defaultConfigurationIsVisible = 0;
			defaultConfigurationName = Release;
		};
/* End XCConfigurationList section */
	};
	rootObject = 0A024D6E2B3503C7005D457B /* Project object */;
}
